<Solution>
  <Project Path="AiKiLocQR.WPF/AiKiLocQR.WPF.csproj" />
  <Project Path="AiKiLocQR.Mobile/AiKiLocQR.Mobile.csproj" />
  <Project Path="AiKiLocQR.Core/AiKiLocQR.Core.csproj" />
  <Project Path="AiKiLocQR.Crypto/AiKiLocQR.Crypto.csproj" />
  <Project Path="AiKiLocQR.Tests/AiKiLocQR.Tests.csproj" />
</Solution>
